// !$*UTF8*$!
{
	archiveVersion = 1;
	classes = {
	};
	objectVersion = 50;
	objects = {

/* Begin PBXBuildFile section */
		18BC6E7A233A036700B6DB6B /* AppDelegate.swift in Sources */ = {isa = PBXBuildFile; fileRef = 18BC6E79233A036700B6DB6B /* AppDelegate.swift */; };
		18BC6E7C233A036700B6DB6B /* ViewController.swift in Sources */ = {isa = PBXBuildFile; fileRef = 18BC6E7B233A036700B6DB6B /* ViewController.swift */; };
		18BC6E7F233A036700B6DB6B /* Main.storyboard in Resources */ = {isa = PBXBuildFile; fileRef = 18BC6E7D233A036700B6DB6B /* Main.storyboard */; };
		18BC6E81233A037000B6DB6B /* Assets.xcassets in Resources */ = {isa = PBXBuildFile; fileRef = 18BC6E80233A037000B6DB6B /* Assets.xcassets */; };
		18BC6E84233A037000B6DB6B /* LaunchScreen.storyboard in Resources */ = {isa = PBXBuildFile; fileRef = 18BC6E82233A037000B6DB6B /* LaunchScreen.storyboard */; };
		18BC6E8F233A037000B6DB6B /* tempTests.swift in Sources */ = {isa = PBXBuildFile; fileRef = 18BC6E8E233A037000B6DB6B /* tempTests.swift */; };
		18BC6E9A233A037000B6DB6B /* tempUITests.swift in Sources */ = {isa = PBXBuildFile; fileRef = 18BC6E99233A037000B6DB6B /* tempUITests.swift */; };
/* End PBXBuildFile section */

/* Begin PBXContainerItemProxy section */
		18BC6E8B233A037000B6DB6B /* PBXContainerItemProxy */ = {
			isa = PBXContainerItemProxy;
			containerPortal = 18BC6E6E233A036700B6DB6B /* Project object */;
			proxyType = 1;
			remoteGlobalIDString = 18BC6E75233A036700B6DB6B;
			remoteInfo = temp;
		};
		18BC6E96233A037000B6DB6B /* PBXContainerItemProxy */ = {
			isa = PBXContainerItemProxy;
			containerPortal = 18BC6E6E233A036700B6DB6B /* Project object */;
			proxyType = 1;
			remoteGlobalIDString = 18BC6E75233A036700B6DB6B;
			remoteInfo = temp;
		};
/* End PBXContainerItemProxy section */

/* Begin PBXFileReference section */
		18BC6E76233A036700B6DB6B /* temp.app */ = {isa = PBXFileReference; explicitFileType = wrapper.application; includeInIndex = 0; path = temp.app; sourceTree = BUILT_PRODUCTS_DIR; };
		18BC6E79233A036700B6DB6B /* AppDelegate.swift */ = {isa = PBXFileReference; lastKnownFileType = sourcecode.swift; path = AppDelegate.swift; sourceTree = "<group>"; };
		18BC6E7B233A036700B6DB6B /* ViewController.swift */ = {isa = PBXFileReference; lastKnownFileType = sourcecode.swift; path = ViewController.swift; sourceTree = "<group>"; };
		18BC6E7E233A036700B6DB6B /* Base */ = {isa = PBXFileReference; lastKnownFileType = file.storyboard; name = Base; path = Base.lproj/Main.storyboard; sourceTree = "<group>"; };
		18BC6E80233A037000B6DB6B /* Assets.xcassets */ = {isa = PBXFileReference; lastKnownFileType = folder.assetcatalog; path = Assets.xcassets; sourceTree = "<group>"; };
		18BC6E83233A037000B6DB6B /* Base */ = {isa = PBXFileReference; lastKnownFileType = file.storyboard; name = Base; path = Base.lproj/LaunchScreen.storyboard; sourceTree = "<group>"; };
		18BC6E85233A037000B6DB6B /* Info.plist */ = {isa = PBXFileReference; lastKnownFileType = text.plist.xml; path = Info.plist; sourceTree = "<group>"; };
		18BC6E8A233A037000B6DB6B /* tempTests.xctest */ = {isa = PBXFileReference; explicitFileType = wrapper.cfbundle; includeInIndex = 0; path = tempTests.xctest; sourceTree = BUILT_PRODUCTS_DIR; };
		18BC6E8E233A037000B6DB6B /* tempTests.swift */ = {isa = PBXFileReference; lastKnownFileType = sourcecode.swift; path = tempTests.swift; sourceTree = "<group>"; };
		18BC6E90233A037000B6DB6B /* Info.plist */ = {isa = PBXFileReference; lastKnownFileType = text.plist.xml; path = Info.plist; sourceTree = "<group>"; };
		18BC6E95233A037000B6DB6B /* tempUITests.xctest */ = {isa = PBXFileReference; explicitFileType = wrapper.cfbundle; includeInIndex = 0; path = tempUITests.xctest; sourceTree = BUILT_PRODUCTS_DIR; };
		18BC6E99233A037000B6DB6B /* tempUITests.swift */ = {isa = PBXFileReference; lastKnownFileType = sourcecode.swift; path = tempUITests.swift; sourceTree = "<group>"; };
		18BC6E9B233A037000B6DB6B /* Info.plist */ = {isa = PBXFileReference; lastKnownFileType = text.plist.xml; path = Info.plist; sourceTree = "<group>"; };
/* End PBXFileReference section */

/* Begin PBXFrameworksBuildPhase section */
		18BC6E73233A036700B6DB6B /* Frameworks */ = {
			isa = PBXFrameworksBuildPhase;
			buildActionMask = 2147483647;
			files = (
			);
			runOnlyForDeploymentPostprocessing = 0;
		};
		18BC6E87233A037000B6DB6B /* Frameworks */ = {
			isa = PBXFrameworksBuildPhase;
			buildActionMask = 2147483647;
			files = (
			);
			runOnlyForDeploymentPostprocessing = 0;
		};
		18BC6E92233A037000B6DB6B /* Frameworks */ = {
			isa = PBXFrameworksBuildPhase;
			buildActionMask = 2147483647;
			files = (
			);
			runOnlyForDeploymentPostprocessing = 0;
		};
/* End PBXFrameworksBuildPhase section */

/* Begin PBXGroup section */
		18BC6E6D233A036700B6DB6B = {
			isa = PBXGroup;
			children = (
				18BC6E78233A036700B6DB6B /* temp */,
				18BC6E8D233A037000B6DB6B /* tempTests */,
				18BC6E98233A037000B6DB6B /* tempUITests */,
				18BC6E77233A036700B6DB6B /* Products */,
			);
			sourceTree = "<group>";
		};
		18BC6E77233A036700B6DB6B /* Products */ = {
			isa = PBXGroup;
			children = (
				18BC6E76233A036700B6DB6B /* temp.app */,
				18BC6E8A233A037000B6DB6B /* tempTests.xctest */,
				18BC6E95233A037000B6DB6B /* tempUITests.xctest */,
			);
			name = Products;
			sourceTree = "<group>";
		};
		18BC6E78233A036700B6DB6B /* temp */ = {
			isa = PBXGroup;
			children = (
				18BC6E79233A036700B6DB6B /* AppDelegate.swift */,
				18BC6E7B233A036700B6DB6B /* ViewController.swift */,
				18BC6E7D233A036700B6DB6B /* Main.storyboard */,
				18BC6E80233A037000B6DB6B /* Assets.xcassets */,
				18BC6E82233A037000B6DB6B /* LaunchScreen.storyboard */,
				18BC6E85233A037000B6DB6B /* Info.plist */,
			);
			path = temp;
			sourceTree = "<group>";
		};
		18BC6E8D233A037000B6DB6B /* tempTests */ = {
			isa = PBXGroup;
			children = (
				18BC6E8E233A037000B6DB6B /* tempTests.swift */,
				18BC6E90233A037000B6DB6B /* Info.plist */,
			);
			path = tempTests;
			sourceTree = "<group>";
		};
		18BC6E98233A037000B6DB6B /* tempUITests */ = {
			isa = PBXGroup;
			children = (
				18BC6E99233A037000B6DB6B /* tempUITests.swift */,
				18BC6E9B233A037000B6DB6B /* Info.plist */,
			);
			path = tempUITests;
			sourceTree = "<group>";
		};
/* End PBXGroup section */

/* Begin PBXNativeTarget section */
		18BC6E75233A036700B6DB6B /* temp */ = {
			isa = PBXNativeTarget;
			buildConfigurationList = 18BC6E9E233A037000B6DB6B /* Build configuration list for PBXNativeTarget "temp" */;
			buildPhases = (
				18BC6E72233A036700B6DB6B /* Sources */,
				18BC6E73233A036700B6DB6B /* Frameworks */,
				18BC6E74233A036700B6DB6B /* Resources */,
			);
			buildRules = (
			);
			dependencies = (
			);
			name = temp;
			productName = temp;
			productReference = 18BC6E76233A036700B6DB6B /* temp.app */;
			productType = "com.apple.product-type.application";
		};
		18BC6E89233A037000B6DB6B /* tempTests */ = {
			isa = PBXNativeTarget;
			buildConfigurationList = 18BC6EA1233A037000B6DB6B /* Build configuration list for PBXNativeTarget "tempTests" */;
			buildPhases = (
				18BC6E86233A037000B6DB6B /* Sources */,
				18BC6E87233A037000B6DB6B /* Frameworks */,
				18BC6E88233A037000B6DB6B /* Resources */,
			);
			buildRules = (
			);
			dependencies = (
				18BC6E8C233A037000B6DB6B /* PBXTargetDependency */,
			);
			name = tempTests;
			productName = tempTests;
			productReference = 18BC6E8A233A037000B6DB6B /* tempTests.xctest */;
			productType = "com.apple.product-type.bundle.unit-test";
		};
		18BC6E94233A037000B6DB6B /* tempUITests */ = {
			isa = PBXNativeTarget;
			buildConfigurationList = 18BC6EA4233A037000B6DB6B /* Build configuration list for PBXNativeTarget "tempUITests" */;
			buildPhases = (
				18BC6E91233A037000B6DB6B /* Sources */,
				18BC6E92233A037000B6DB6B /* Frameworks */,
				18BC6E93233A037000B6DB6B /* Resources */,
			);
			buildRules = (
			);
			dependencies = (
				18BC6E97233A037000B6DB6B /* PBXTargetDependency */,
			);
			name = tempUITests;
			productName = tempUITests;
			productReference = 18BC6E95233A037000B6DB6B /* tempUITests.xctest */;
			productType = "com.apple.product-type.bundle.ui-testing";
		};
/* End PBXNativeTarget section */

/* Begin PBXProject section */
		18BC6E6E233A036700B6DB6B /* Project object */ = {
			isa = PBXProject;
			attributes = {
				LastSwiftUpdateCheck = 1020;
				LastUpgradeCheck = 1020;
				ORGANIZATIONNAME = Apple;
				TargetAttributes = {
					18BC6E75233A036700B6DB6B = {
						CreatedOnToolsVersion = 10.2.1;
					};
					18BC6E89233A037000B6DB6B = {
						CreatedOnToolsVersion = 10.2.1;
						TestTargetID = 18BC6E75233A036700B6DB6B;
					};
					18BC6E94233A037000B6DB6B = {
						CreatedOnToolsVersion = 10.2.1;
						TestTargetID = 18BC6E75233A036700B6DB6B;
					};
				};
			};
			buildConfigurationList = 18BC6E71233A036700B6DB6B /* Build configuration list for PBXProject "temp" */;
			compatibilityVersion = "Xcode 9.3";
			developmentRegion = en;
			hasScannedForEncodings = 0;
			knownRegions = (
				en,
				Base,
			);
			mainGroup = 18BC6E6D233A036700B6DB6B;
			productRefGroup = 18BC6E77233A036700B6DB6B /* Products */;
			projectDirPath = "";
			projectRoot = "";
			targets = (
				18BC6E75233A036700B6DB6B /* temp */,
				18BC6E89233A037000B6DB6B /* tempTests */,
				18BC6E94233A037000B6DB6B /* tempUITests */,
			);
		};
/* End PBXProject section */

/* Begin PBXResourcesBuildPhase section */
		18BC6E74233A036700B6DB6B /* Resources */ = {
			isa = PBXResourcesBuildPhase;
			buildActionMask = 2147483647;
			files = (
				18BC6E84233A037000B6DB6B /* LaunchScreen.storyboard in Resources */,
				18BC6E81233A037000B6DB6B /* Assets.xcassets in Resources */,
				18BC6E7F233A036700B6DB6B /* Main.storyboard in Resources */,
			);
			runOnlyForDeploymentPostprocessing = 0;
		};
		18BC6E88233A037000B6DB6B /* Resources */ = {
			isa = PBXResourcesBuildPhase;
			buildActionMask = 2147483647;
			files = (
			);
			runOnlyForDeploymentPostprocessing = 0;
		};
		18BC6E93233A037000B6DB6B /* Resources */ = {
			isa = PBXResourcesBuildPhase;
			buildActionMask = 2147483647;
			files = (
			);
			runOnlyForDeploymentPostprocessing = 0;
		};
/* End PBXResourcesBuildPhase section */

/* Begin PBXSourcesBuildPhase section */
		18BC6E72233A036700B6DB6B /* Sources */ = {
			isa = PBXSourcesBuildPhase;
			buildActionMask = 2147483647;
			files = (
				18BC6E7C233A036700B6DB6B /* ViewController.swift in Sources */,
				18BC6E7A233A036700B6DB6B /* AppDelegate.swift in Sources */,
			);
			runOnlyForDeploymentPostprocessing = 0;
		};
		18BC6E86233A037000B6DB6B /* Sources */ = {
			isa = PBXSourcesBuildPhase;
			buildActionMask = 2147483647;
			files = (
				18BC6E8F233A037000B6DB6B /* tempTests.swift in Sources */,
			);
			runOnlyForDeploymentPostprocessing = 0;
		};
		18BC6E91233A037000B6DB6B /* Sources */ = {
			isa = PBXSourcesBuildPhase;
			buildActionMask = 2147483647;
			files = (
				18BC6E9A233A037000B6DB6B /* tempUITests.swift in Sources */,
			);
			runOnlyForDeploymentPostprocessing = 0;
		};
/* End PBXSourcesBuildPhase section */

/* Begin PBXTargetDependency section */
		18BC6E8C233A037000B6DB6B /* PBXTargetDependency */ = {
			isa = PBXTargetDependency;
			target = 18BC6E75233A036700B6DB6B /* temp */;
			targetProxy = 18BC6E8B233A037000B6DB6B /* PBXContainerItemProxy */;
		};
		18BC6E97233A037000B6DB6B /* PBXTargetDependency */ = {
			isa = PBXTargetDependency;
			target = 18BC6E75233A036700B6DB6B /* temp */;
			targetProxy = 18BC6E96233A037000B6DB6B /* PBXContainerItemProxy */;
		};
/* End PBXTargetDependency section */

/* Begin PBXVariantGroup section */
		18BC6E7D233A036700B6DB6B /* Main.storyboard */ = {
			isa = PBXVariantGroup;
			children = (
				18BC6E7E233A036700B6DB6B /* Base */,
			);
			name = Main.storyboard;
			sourceTree = "<group>";
		};
		18BC6E82233A037000B6DB6B /* LaunchScreen.storyboard */ = {
			isa = PBXVariantGroup;
			children = (
				18BC6E83233A037000B6DB6B /* Base */,
			);
			name = LaunchScreen.storyboard;
			sourceTree = "<group>";
		};
/* End PBXVariantGroup section */

/* Begin XCBuildConfiguration section */
		18BC6E9C233A037000B6DB6B /* Debug */ = {
			isa = XCBuildConfiguration;
			buildSettings = {
				ALWAYS_SEARCH_USER_PATHS = NO;
				CLANG_ANALYZER_NONNULL = YES;
				CLANG_ANALYZER_NUMBER_OBJECT_CONVERSION = YES_AGGRESSIVE;
				CLANG_CXX_LANGUAGE_STANDARD = "gnu++14";
				CLANG_CXX_LIBRARY = "libc++";
				CLANG_ENABLE_MODULES = YES;
				CLANG_ENABLE_OBJC_ARC = YES;
				CLANG_ENABLE_OBJC_WEAK = YES;
				CLANG_WARN_BLOCK_CAPTURE_AUTORELEASING = YES;
				CLANG_WARN_BOOL_CONVERSION = YES;
				CLANG_WARN_COMMA = YES;
				CLANG_WARN_CONSTANT_CONVERSION = YES;
				CLANG_WARN_DEPRECATED_OBJC_IMPLEMENTATIONS = YES;
				CLANG_WARN_DIRECT_OBJC_ISA_USAGE = YES_ERROR;
				CLANG_WARN_DOCUMENTATION_COMMENTS = YES;
				CLANG_WARN_EMPTY_BODY = YES;
				CLANG_WARN_ENUM_CONVERSION = YES;
				CLANG_WARN_INFINITE_RECURSION = YES;
				CLANG_WARN_INT_CONVERSION = YES;
				CLANG_WARN_NON_LITERAL_NULL_CONVERSION = YES;
				CLANG_WARN_OBJC_IMPLICIT_RETAIN_SELF = YES;
				CLANG_WARN_OBJC_LITERAL_CONVERSION = YES;
				CLANG_WARN_OBJC_ROOT_CLASS = YES_ERROR;
				CLANG_WARN_RANGE_LOOP_ANALYSIS = YES;
				CLANG_WARN_STRICT_PROTOTYPES = YES;
				CLANG_WARN_SUSPICIOUS_MOVE = YES;
				CLANG_WARN_UNGUARDED_AVAILABILITY = YES_AGGRESSIVE;
				CLANG_WARN_UNREACHABLE_CODE = YES;
				CLANG_WARN__DUPLICATE_METHOD_MATCH = YES;
				CODE_SIGN_IDENTITY = "iPhone Developer";
				COPY_PHASE_STRIP = NO;
				DEBUG_INFORMATION_FORMAT = dwarf;
				ENABLE_STRICT_OBJC_MSGSEND = YES;
				ENABLE_TESTABILITY = YES;
				GCC_C_LANGUAGE_STANDARD = gnu11;
				GCC_DYNAMIC_NO_PIC = NO;
				GCC_NO_COMMON_BLOCKS = YES;
				GCC_OPTIMIZATION_LEVEL = 0;
				GCC_PREPROCESSOR_DEFINITIONS = (
					"DEBUG=1",
					"$(inherited)",
				);
				GCC_WARN_64_TO_32_BIT_CONVERSION = YES;
				GCC_WARN_ABOUT_RETURN_TYPE = YES_ERROR;
				GCC_WARN_UNDECLARED_SELECTOR = YES;
				GCC_WARN_UNINITIALIZED_AUTOS = YES_AGGRESSIVE;
				GCC_WARN_UNUSED_FUNCTION = YES;
				GCC_WARN_UNUSED_VARIABLE = YES;
				IPHONEOS_DEPLOYMENT_TARGET = 12.2;
				MTL_ENABLE_DEBUG_INFO = INCLUDE_SOURCE;
				MTL_FAST_MATH = YES;
				ONLY_ACTIVE_ARCH = YES;
				SDKROOT = iphoneos;
				SWIFT_ACTIVE_COMPILATION_CONDITIONS = DEBUG;
				SWIFT_OPTIMIZATION_LEVEL = "-Onone";
			};
			name = Debug;
		};
		18BC6E9D233A037000B6DB6B /* Release */ = {
			isa = XCBuildConfiguration;
			buildSettings = {
				ALWAYS_SEARCH_USER_PATHS = NO;
				CLANG_ANALYZER_NONNULL = YES;
				CLANG_ANALYZER_NUMBER_OBJECT_CONVERSION = YES_AGGRESSIVE;
				CLANG_CXX_LANGUAGE_STANDARD = "gnu++14";
				CLANG_CXX_LIBRARY = "libc++";
				CLANG_ENABLE_MODULES = YES;
				CLANG_ENABLE_OBJC_ARC = YES;
				CLANG_ENABLE_OBJC_WEAK = YES;
				CLANG_WARN_BLOCK_CAPTURE_AUTORELEASING = YES;
				CLANG_WARN_BOOL_CONVERSION = YES;
				CLANG_WARN_COMMA = YES;
				CLANG_WARN_CONSTANT_CONVERSION = YES;
				CLANG_WARN_DEPRECATED_OBJC_IMPLEMENTATIONS = YES;
				CLANG_WARN_DIRECT_OBJC_ISA_USAGE = YES_ERROR;
				CLANG_WARN_DOCUMENTATION_COMMENTS = YES;
				CLANG_WARN_EMPTY_BODY = YES;
				CLANG_WARN_ENUM_CONVERSION = YES;
				CLANG_WARN_INFINITE_RECURSION = YES;
				CLANG_WARN_INT_CONVERSION = YES;
				CLANG_WARN_NON_LITERAL_NULL_CONVERSION = YES;
				CLANG_WARN_OBJC_IMPLICIT_RETAIN_SELF = YES;
				CLANG_WARN_OBJC_LITERAL_CONVERSION = YES;
				CLANG_WARN_OBJC_ROOT_CLASS = YES_ERROR;
				CLANG_WARN_RANGE_LOOP_ANALYSIS = YES;
				CLANG_WARN_STRICT_PROTOTYPES = YES;
				CLANG_WARN_SUSPICIOUS_MOVE = YES;
				CLANG_WARN_UNGUARDED_AVAILABILITY = YES_AGGRESSIVE;
				CLANG_WARN_UNREACHABLE_CODE = YES;
				CLANG_WARN__DUPLICATE_METHOD_MATCH = YES;
				CODE_SIGN_IDENTITY = "iPhone Developer";
				COPY_PHASE_STRIP = NO;
				DEBUG_INFORMATION_FORMAT = "dwarf-with-dsym";
				ENABLE_NS_ASSERTIONS = NO;
				ENABLE_STRICT_OBJC_MSGSEND = YES;
				GCC_C_LANGUAGE_STANDARD = gnu11;
				GCC_NO_COMMON_BLOCKS = YES;
				GCC_WARN_64_TO_32_BIT_CONVERSION = YES;
				GCC_WARN_ABOUT_RETURN_TYPE = YES_ERROR;
				GCC_WARN_UNDECLARED_SELECTOR = YES;
				GCC_WARN_UNINITIALIZED_AUTOS = YES_AGGRESSIVE;
				GCC_WARN_UNUSED_FUNCTION = YES;
				GCC_WARN_UNUSED_VARIABLE = YES;
				IPHONEOS_DEPLOYMENT_TARGET = 12.2;
				MTL_ENABLE_DEBUG_INFO = NO;
				MTL_FAST_MATH = YES;
				SDKROOT = iphoneos;
				SWIFT_COMPILATION_MODE = wholemodule;
				SWIFT_OPTIMIZATION_LEVEL = "-O";
				VALIDATE_PRODUCT = YES;
			};
			name = Release;
		};
		18BC6E9F233A037000B6DB6B /* Debug */ = {
			isa = XCBuildConfiguration;
			buildSettings = {
				ASSETCATALOG_COMPILER_APPICON_NAME = AppIcon;
				CODE_SIGN_STYLE = Automatic;
				INFOPLIST_FILE = temp/Info.plist;
				LD_RUNPATH_SEARCH_PATHS = (
					"$(inherited)",
					"@executable_path/Frameworks",
				);
				PRODUCT_BUNDLE_IDENTIFIER = ykx.scut.temp;
				PRODUCT_NAME = "$(TARGET_NAME)";
				SWIFT_VERSION = 5.0;
				TARGETED_DEVICE_FAMILY = "1,2";
			};
			name = Debug;
		};
		18BC6EA0233A037000B6DB6B /* Release */ = {
			isa = XCBuildConfiguration;
			buildSettings = {
				ASSETCATALOG_COMPILER_APPICON_NAME = AppIcon;
				CODE_SIGN_STYLE = Automatic;
				INFOPLIST_FILE = temp/Info.plist;
				LD_RUNPATH_SEARCH_PATHS = (
					"$(inherited)",
					"@executable_path/Frameworks",
				);
				PRODUCT_BUNDLE_IDENTIFIER = ykx.scut.temp;
				PRODUCT_NAME = "$(TARGET_NAME)";
				SWIFT_VERSION = 5.0;
				TARGETED_DEVICE_FAMILY = "1,2";
			};
			name = Release;
		};
		18BC6EA2233A037000B6DB6B /* Debug */ = {
			isa = XCBuildConfiguration;
			buildSettings = {
				ALWAYS_EMBED_SWIFT_STANDARD_LIBRARIES = YES;
				BUNDLE_LOADER = "$(TEST_HOST)";
				CODE_SIGN_STYLE = Automatic;
				INFOPLIST_FILE = tempTests/Info.plist;
				LD_RUNPATH_SEARCH_PATHS = (
					"$(inherited)",
					"@executable_path/Frameworks",
					"@loader_path/Frameworks",
				);
				PRODUCT_BUNDLE_IDENTIFIER = ykx.scut.tempTests;
				PRODUCT_NAME = "$(TARGET_NAME)";
				SWIFT_VERSION = 5.0;
				TARGETED_DEVICE_FAMILY = "1,2";
				TEST_HOST = "$(BUILT_PRODUCTS_DIR)/temp.app/temp";
			};
			name = Debug;
		};
		18BC6EA3233A037000B6DB6B /* Release */ = {
			isa = XCBuildConfiguration;
			buildSettings = {
				ALWAYS_EMBED_SWIFT_STANDARD_LIBRARIES = YES;
				BUNDLE_LOADER = "$(TEST_HOST)";
				CODE_SIGN_STYLE = Automatic;
				INFOPLIST_FILE = tempTests/Info.plist;
				LD_RUNPATH_SEARCH_PATHS = (
					"$(inherited)",
					"@executable_path/Frameworks",
					"@loader_path/Frameworks",
				);
				PRODUCT_BUNDLE_IDENTIFIER = ykx.scut.tempTests;
				PRODUCT_NAME = "$(TARGET_NAME)";
				SWIFT_VERSION = 5.0;
				TARGETED_DEVICE_FAMILY = "1,2";
				TEST_HOST = "$(BUILT_PRODUCTS_DIR)/temp.app/temp";
			};
			name = Release;
		};
		18BC6EA5233A037000B6DB6B /* Debug */ = {
			isa = XCBuildConfiguration;
			buildSettings = {
				ALWAYS_EMBED_SWIFT_STANDARD_LIBRARIES = YES;
				CODE_SIGN_STYLE = Automatic;
				INFOPLIST_FILE = tempUITests/Info.plist;
				LD_RUNPATH_SEARCH_PATHS = (
					"$(inherited)",
					"@executable_path/Frameworks",
					"@loader_path/Frameworks",
				);
				PRODUCT_BUNDLE_IDENTIFIER = ykx.scut.tempUITests;
				PRODUCT_NAME = "$(TARGET_NAME)";
				SWIFT_VERSION = 5.0;
				TARGETED_DEVICE_FAMILY = "1,2";
				TEST_TARGET_NAME = temp;
			};
			name = Debug;
		};
		18BC6EA6233A037000B6DB6B /* Release */ = {
			isa = XCBuildConfiguration;
			buildSettings = {
				ALWAYS_EMBED_SWIFT_STANDARD_LIBRARIES = YES;
				CODE_SIGN_STYLE = Automatic;
				INFOPLIST_FILE = tempUITests/Info.plist;
				LD_RUNPATH_SEARCH_PATHS = (
					"$(inherited)",
					"@executable_path/Frameworks",
					"@loader_path/Frameworks",
				);
				PRODUCT_BUNDLE_IDENTIFIER = ykx.scut.tempUITests;
				PRODUCT_NAME = "$(TARGET_NAME)";
				SWIFT_VERSION = 5.0;
				TARGETED_DEVICE_FAMILY = "1,2";
				TEST_TARGET_NAME = temp;
			};
			name = Release;
		};
/* End XCBuildConfiguration section */

/* Begin XCConfigurationList section */
		18BC6E71233A036700B6DB6B /* Build configuration list for PBXProject "temp" */ = {
			isa = XCConfigurationList;
			buildConfigurations = (
				18BC6E9C233A037000B6DB6B /* Debug */,
				18BC6E9D233A037000B6DB6B /* Release */,
			);
			defaultConfigurationIsVisible = 0;
			defaultConfigurationName = Release;
		};
		18BC6E9E233A037000B6DB6B /* Build configuration list for PBXNativeTarget "temp" */ = {
			isa = XCConfigurationList;
			buildConfigurations = (
				18BC6E9F233A037000B6DB6B /* Debug */,
				18BC6EA0233A037000B6DB6B /* Release */,
			);
			defaultConfigurationIsVisible = 0;
			defaultConfigurationName = Release;
		};
		18BC6EA1233A037000B6DB6B /* Build configuration list for PBXNativeTarget "tempTests" */ = {
			isa = XCConfigurationList;
			buildConfigurations = (
				18BC6EA2233A037000B6DB6B /* Debug */,
				18BC6EA3233A037000B6DB6B /* Release */,
			);
			defaultConfigurationIsVisible = 0;
			defaultConfigurationName = Release;
		};
		18BC6EA4233A037000B6DB6B /* Build configuration list for PBXNativeTarget "tempUITests" */ = {
			isa = XCConfigurationList;
			buildConfigurations = (
				18BC6EA5233A037000B6DB6B /* Debug */,
				18BC6EA6233A037000B6DB6B /* Release */,
			);
			defaultConfigurationIsVisible = 0;
			defaultConfigurationName = Release;
		};
/* End XCConfigurationList section */
	};
	rootObject = 18BC6E6E233A036700B6DB6B /* Project object */;
}
